version = 1
revision = 3
requires-python = "==3.14.*"

[[package]]
name = "cffi"
version = "2.1.1"
source = { registry = "https://pypi.org/simple" }
dependencies = [
    { name = "pycparser", marker = "implementation_name != 'PyPy'" },
]
sdist = { url = "https://files.pythonhosted.org/packages/9e/ef/008a1939e372c06329a3fce4279c02f328488f3526744906eeec3da7ad5f/cffi-2.1.1.tar.gz", hash = "sha256:dd31f52ea1086513bb9df30f8fcee9b8918323ae067a3d5b78bc826a000712be", size = 530807, upload-time = "2026-08-03T21:21:18.939Z" }
wheels = [
    { url = "https://files.pythonhosted.org/packages/d3/7b/d6bbf82b8b96e7391438898c42f5bd96dd02030fd5b64937d248220003e2/cffi-2.1.1-cp314-cp314-ios_13_0_arm64_iphoneos.whl", hash = "sha256:7dbb61fe3a7699468030f71bbe5f8a0e326a151daa91beb11a6fc1f980c55e1c", size = 194064, upload-time = "2026-08-03T21:20:17.148Z" },
    { url = "https://files.pythonhosted.org/packages/94/e6/bcc91b283be94735e268487a054004f0aa19947b6348fa367db53230abc8/cffi-2.1.1-cp314-cp314-ios_13_0_arm64_iphonesimulator.whl", hash = "sha256:f24fb43132a4c6b4cb4eb029492919b2db645be6808d738f244fd146c03c32cb", size = 196720, upload-time = "2026-08-03T21:20:18.268Z" },
    { url = "https://files.pythonhosted.org/packages/d9/99/c4b0c17cacdc9c3b8f280026286a9826d6a208c0f047591a3c3ce99b91fd/cffi-2.1.1-cp314-cp314-macosx_10_15_x86_64.whl", hash = "sha256:d28630f5854ab07ab1fd4aba756de52326c82e6be15d414b12793f1975048b54", size = 184964, upload-time = "2026-08-03T21:20:19.708Z" },
    { url = "https://files.pythonhosted.org/packages/b3/a9/9db617d05d7367c1ad0ab00b3aa6e6f9281edd689b4ee9ea0e5a84e89c97/cffi-2.1.1-cp314-cp314-macosx_11_0_arm64.whl", hash = "sha256:661c298b4821edebead0c91edd2b00374d67ad7c5a1f7a91d4442633b79d6a72", size = 184962, upload-time = "2026-08-03T21:20:20.833Z" },
    { url = "https://files.pythonhosted.org/packages/67/b8/b42132ca113dc567d37684437b46ca1dafc885902b02a110a02d5b511857/cffi-2.1.1-cp314-cp314-manylinux2014_aarch64.manylinux_2_17_aarch64.whl", hash = "sha256:58acb8ab8e295e6c5ea12f888cbb13cf21511ef2a3303a23f4325c29d17fe5c1", size = 222328, upload-time = "2026-08-03T21:20:22.118Z" },
    { url = "https://files.pythonhosted.org/packages/80/10/c5c0cbf0a657aecf59ef511409734230bf556f05a0d6c9eed7aa5c0a0166/cffi-2.1.1-cp314-cp314-manylinux2014_ppc64le.manylinux_2_17_ppc64le.whl", hash = "sha256:456a61fa52d579ebf9df2e9552ead5129855dbaff6c1e5a9b1bc408809bdc062", size = 209985, upload-time = "2026-08-03T21:20:23.401Z" },
    { url = "https://files.pythonhosted.org/packages/d5/6c/bfa0b87b03b9238148beca990292843c9396ba069b54496596594173de7b/cffi-2.1.1-cp314-cp314-manylinux2014_s390x.manylinux_2_17_s390x.whl", hash = "sha256:a4f00aa42f75d6e4595e8866e748cc1705adc0cddfeb2ca86d0d03993d63ba03", size = 208530, upload-time = "2026-08-03T21:20:24.628Z" },
    { url = "https://files.pythonhosted.org/packages/e9/02/4e7d553a7ac4b4238b38b3c1b80d486e9d4436f8d2acbf87a0997fe3f402/cffi-2.1.1-cp314-cp314-manylinux2014_x86_64.manylinux_2_17_x86_64.whl", hash = "sha256:b0431303acaea1089ad4b3e9ce4e6518193def1118d4073ca848635ee4ea2e96", size = 221525, upload-time = "2026-08-03T21:20:25.758Z" },
    { url = "https://files.pythonhosted.org/packages/82/1d/a4aaf9babd75acb4d5f223bff71533bee748dd770a382619a798960ee9ba/cffi-2.1.1-cp314-cp314-musllinux_1_2_aarch64.whl", hash = "sha256:64faea20f4e2613363a1a9b9c7dd73058f3ecd00133a511e72ad7c511658f527", size = 225053, upload-time = "2026-08-03T21:20:26.985Z" },
    { url = "https://files.pythonhosted.org/packages/81/10/5dc0e7bdd18e22107054288283380fc97a06ae3f1656a106908d666a3c88/cffi-2.1.1-cp314-cp314-musllinux_1_2_x86_64.whl", hash = "sha256:5c58fe613dc5e5336357eff555824a314d8e43282600435c8d1cb6a7a2fedd13", size = 223213, upload-time = "2026-08-03T21:20:28.277Z" },
    { url = "https://files.pythonhosted.org/packages/0b/e9/d0061c364cde06ee43168a0d076ac1da512cbc380d44767b844ba34fe2b6/cffi-2.1.1-cp314-cp314-win32.whl", hash = "sha256:1a18a57b58cfb21fc28d72e876acf10eaed67a1ed96226f92af4df681d571c4c", size = 177682, upload-time = "2026-08-03T21:20:44.288Z" },
    { url = "https://files.pythonhosted.org/packages/a7/06/1c3e01e3ba14c39f6d10bfbac52753b7e22259e38088e5cfe1d704918690/cffi-2.1.1-cp314-cp314-win_amd64.whl", hash = "sha256:3222ba5d678f80a030e6afbcc33dc1ae5cb45facabb61cee2c7016b8432fde48", size = 187949, upload-time = "2026-08-03T21:20:45.623Z" },
    { url = "https://files.pythonhosted.org/packages/87/5b/da4e39efe18eeb89cf580ea9cfc66b6a7c3eadb808fc0cc1d3a295cb5a5d/cffi-2.1.1-cp314-cp314-win_arm64.whl", hash = "sha256:ab36d55f9ed2d067327667c2fea18dda018eb628dd6347aa01dda6cf1f5d3836", size = 182947, upload-time = "2026-08-03T21:20:46.955Z" },
    { url = "https://files.pythonhosted.org/packages/23/59/40338bf421c5accea1d45158170c87006ef1cd371b05c077e76476949728/cffi-2.1.1-cp314-cp314t-macosx_10_15_x86_64.whl", hash = "sha256:7750c6449dff7864bb9bb27ddfb0267756189201a3afc911d82b3caacd70dfc3", size = 188504, upload-time = "2026-08-03T21:20:29.495Z" },
    { url = "https://files.pythonhosted.org/packages/7d/47/5ecf1023850036e674c77ec4de86182d309ae344e39e7cba984b7df5d647/cffi-2.1.1-cp314-cp314t-macosx_11_0_arm64.whl", hash = "sha256:0beceaabe56af686895136a2de78db54ecd8e4046b236b8fd6d6cb61389e9bf2", size = 188259, upload-time = "2026-08-03T21:20:31.291Z" },
    { url = "https://files.pythonhosted.org/packages/2a/9c/92934c3bea9f785b23eba304538c0b4d37a2a96d2431eb3a1bc87a11aa19/cffi-2.1.1-cp314-cp314t-manylinux2014_aarch64.manylinux_2_17_aarch64.whl", hash = "sha256:49cbc70e6542d4ccccb936558d1064a8012541e78f821f955cff24e357776c94", size = 223864, upload-time = "2026-08-03T21:20:32.571Z" },
    { url = "https://files.pythonhosted.org/packages/4d/45/ba4c93527bc38616a8bd36488acb69a2212d60486794f0c1f318949bbb76/cffi-2.1.1-cp314-cp314t-manylinux2014_ppc64le.manylinux_2_17_ppc64le.whl", hash = "sha256:e2d65b31f36619cda3999b78b2aa9632e76b78448e7a56fc4240824200e7c4fc", size = 211538, upload-time = "2026-08-03T21:20:33.808Z" },
    { url = "https://files.pythonhosted.org/packages/80/e9/b6ef565e452acb932fb0cb5443f44a78efbd1233e566f02b5a83855e9115/cffi-2.1.1-cp314-cp314t-manylinux2014_s390x.manylinux_2_17_s390x.whl", hash = "sha256:28907ab9bfb6aa13184cfc17c6b8e1023c5ab6fd7076d8c20a35e59fe04f8f29", size = 210688, upload-time = "2026-08-03T21:20:34.974Z" },
    { url = "https://files.pythonhosted.org/packages/9a/95/eff5f0cee78d2eabc7eebffec40d3fc1876b5f3c95582e018bb4b99601f2/cffi-2.1.1-cp314-cp314t-manylinux2014_x86_64.manylinux_2_17_x86_64.whl", hash = "sha256:51b31d1c98274844cfd7838ce00bfc27c7423a4dc00fc0772fc3331c2cc90676", size = 223803, upload-time = "2026-08-03T21:20:36.564Z" },
    { url = "https://files.pythonhosted.org/packages/fa/01/579d39fb8bef00a335a23d83757b44feb24cd6345a2c451b64cb67b9c362/cffi-2.1.1-cp314-cp314t-musllinux_1_2_aarch64.whl", hash = "sha256:5e7cecbaadb83884793e05828cee59b210b24583b9c7425d0ba6a754fe22eb4e", size = 226763, upload-time = "2026-08-03T21:20:37.816Z" },
    { url = "https://files.pythonhosted.org/packages/8d/b0/0b44f47c60b01b57b6e2bbd92343f13a85a1d93bc46ccf6e47e244acd99c/cffi-2.1.1-cp314-cp314t-musllinux_1_2_x86_64.whl", hash = "sha256:25792eac27877609e7bb06d42ff88278a6624fff2ba9bbb523c09616b117e80f", size = 225688, upload-time = "2026-08-03T21:20:38.959Z" },
    { url = "https://files.pythonhosted.org/packages/eb/d2/3b7176cb570a1d3e27faf67b72f591af508036e0d8b2be2ef9af9e8c84bb/cffi-2.1.1-cp314-cp314t-win32.whl", hash = "sha256:8ef53b2de9bcb9197d31854256575d59dbac0cba72ac627bb291ef5eceb74be4", size = 182868, upload-time = "2026-08-03T21:20:40.388Z" },
    { url = "https://files.pythonhosted.org/packages/56/78/31f00c1bcd97c9bbf55f1bfdf5bc809a5de8887473e90bb9960dca825e80/cffi-2.1.1-cp314-cp314t-win_amd64.whl", hash = "sha256:616f097f2fe415bc92a247f02e11f634e1f9e9a83d327e3c915c15089c87869e", size = 194104, upload-time = "2026-08-03T21:20:41.725Z" },
    { url = "https://files.pythonhosted.org/packages/7b/1b/58496f2ed0a35de575250c02a43ab3cc2c04d494a88fed31c1cabc0fd176/cffi-2.1.1-cp314-cp314t-win_arm64.whl", hash = "sha256:ad2c86c495b899d862ea0f4b42891b8713a3bd45dd4105c7fd51c2a72f39f3a5", size = 186402, upload-time = "2026-08-03T21:20:43.042Z" },
]

[[package]]
name = "colorama"
version = "0.4.6"
source = { registry = "https://pypi.org/simple" }
sdist = { url = "https://files.pythonhosted.org/packages/d8/53/6f443c9a4a8358a93a6792e2acffb9d9d5cb0a5cfd8802644b7b1c9a02e4/colorama-0.4.6.tar.gz", hash = "sha256:08695f5cb7ed6e0531a20572697297273c47b8cae5a63ffc6d6ed5c201be6e44", size = 27697, upload-time = "2022-10-25T02:36:22.414Z" }
wheels = [
    { url = "https://files.pythonhosted.org/packages/d1/d6/3965ed04c63042e047cb6a3e6ed1a63a35087b6a609aa3a15ed8ac56c221/colorama-0.4.6-py2.py3-none-any.whl", hash = "sha256:4f1d9991f5acc0ca119f9d443620b77f9d6b33703e51011c16baf57afb285fc6", size = 25335, upload-time = "2022-10-25T02:36:20.889Z" },
]

[[package]]
name = "cryptography"
version = "49.0.0"
source = { registry = "https://pypi.org/simple" }
dependencies = [
    { name = "cffi", marker = "platform_python_implementation != 'PyPy'" },
]
sdist = { url = "https://files.pythonhosted.org/packages/1f/99/d1c90d6041656cc6ee229dc99cd67fd0cd5aec3c5f7d72fffc27cc750054/cryptography-49.0.0.tar.gz", hash = "sha256:f89660a348f4f78a92366240a61404e337586ef7f5909a2fef59ca88ef505493", size = 854345, upload-time = "2026-06-12T20:02:30.512Z" }
wheels = [
    { url = "https://files.pythonhosted.org/packages/9b/22/adf66990e63584a68dfb50c24f48a125c07b1699899381c8151e63ed458c/cryptography-49.0.0-cp311-abi3-macosx_11_0_arm64.whl", hash = "sha256:966fe0e9c67490071f14c0d2b1cb2dfb3023c5ce39457343931415f08382f2db", size = 4032100, upload-time = "2026-06-12T20:02:32.143Z" },
    { url = "https://files.pythonhosted.org/packages/09/41/3797cfaf69cae04a13ee78ebd83f0678d9c02b4779d21ce24445326f1a69/cryptography-49.0.0-cp311-abi3-manylinux2014_aarch64.manylinux_2_17_aarch64.whl", hash = "sha256:36d1709f992593689b45bda411498d62c6e365f2ca00b84657d4dadd24de16db", size = 4692978, upload-time = "2026-06-12T20:01:21.305Z" },
    { url = "https://files.pythonhosted.org/packages/e6/8b/43011f7ebe515a8aa20d61f290a326cd890c2e738e16e59eaff8d9c3a412/cryptography-49.0.0-cp311-abi3-manylinux2014_x86_64.manylinux_2_17_x86_64.whl", hash = "sha256:0e959b578856a3924bc0cbb710fc12c387b9412a951389f3ca61704a9e25f325", size = 4716422, upload-time = "2026-06-12T20:01:48.566Z" },
    { url = "https://files.pythonhosted.org/packages/4a/91/01ce7303a4579e6d3a6abef01bd322848e9ea7a219adcabc5048b9033571/cryptography-49.0.0-cp311-abi3-manylinux_2_28_aarch64.whl", hash = "sha256:53ecee2e23f7169b6117e99fc8a944e5e50f79e69758a83b52a00cb98ab2b2d2", size = 4700503, upload-time = "2026-06-12T20:02:47.091Z" },
    { url = "https://files.pythonhosted.org/packages/62/99/a2c95cf8293f07491e9e27c20cc4dcd18176d944e674679adeb1d0173fd6/cryptography-49.0.0-cp311-abi3-manylinux_2_28_ppc64le.whl", hash = "sha256:2eda353d8a27bcbcaa4cbed18994a74ab4d19a2ca897db188ea269ab9b71419b", size = 5309779, upload-time = "2026-06-12T20:02:08.987Z" },
    { url = "https://files.pythonhosted.org/packages/20/2c/0622f20ff02b2ef32558733443805dc82fd4c275be01b2d19d14676f3a1b/cryptography-49.0.0-cp311-abi3-manylinux_2_28_x86_64.whl", hash = "sha256:2afe9051da7ae7bd5905da5a949280c7d2bb75682e188f650a9d0f2756b834c6", size = 4749683, upload-time = "2026-06-12T20:02:03.335Z" },
    { url = "https://files.pythonhosted.org/packages/a3/5b/c5246635d5fd3b64e0d45ae10e99fd32fe9676a79915ccfe5a61ba9af1a5/cryptography-49.0.0-cp311-abi3-manylinux_2_31_armv7l.whl", hash = "sha256:0b82e28ee398a386f0807bba7884d30f25218855690f45115831bcce5d90822c", size = 4337874, upload-time = "2026-06-12T20:02:54.323Z" },
    { url = "https://files.pythonhosted.org/packages/6d/88/05563c7fe2e914e87d1a536d06fe83e66b4e1d95cb593e05aea375531da8/cryptography-49.0.0-cp311-abi3-manylinux_2_34_aarch64.whl", hash = "sha256:ccac2bfebc306b862133e3bb71f3f6ee8bb525240089b2d952e4144b3a6d5da7", size = 4700283, upload-time = "2026-06-12T20:01:34.822Z" },
    { url = "https://files.pythonhosted.org/packages/c4/b6/d7696e4e890d6ae1469935164c9e5215c557671cb78d6e3f458ccceaa632/cryptography-49.0.0-cp311-abi3-manylinux_2_34_ppc64le.whl", hash = "sha256:d0527ce944105f257f605a827d6ebead966c752038b6e8656abb9c5edee6fc68", size = 5265844, upload-time = "2026-06-12T20:01:24.09Z" },
    { url = "https://files.pythonhosted.org/packages/a9/3c/f3ad17eecc1a57b0ba236dc01f90e783c51f4a2f35f64777cc4f47a184b2/cryptography-49.0.0-cp311-abi3-manylinux_2_34_x86_64.whl", hash = "sha256:cbc77da8c523d5abd028635ba850a6966fcee2c82e2bf65a41d1d8afe0f98be9", size = 4749290, upload-time = "2026-06-12T20:01:30.848Z" },
    { url = "https://files.pythonhosted.org/packages/4f/01/339573cf1023163a400b0b5d16f6d507de413b9f60be6fd1b77feeaf6737/cryptography-49.0.0-cp311-abi3-musllinux_1_2_aarch64.whl", hash = "sha256:b87e65d263b3e5d3bb92a57e2a6638e2f31110fa7aa890c7b2dbba42248d0a3f", size = 4834612, upload-time = "2026-06-12T20:01:29.246Z" },
    { url = "https://files.pythonhosted.org/packages/71/fd/577302e213a1be9468f92d1afef66fcf1ef83d516819d9992ca547f592bd/cryptography-49.0.0-cp311-abi3-musllinux_1_2_x86_64.whl", hash = "sha256:66ec79c3904820572d7e987abdf304281f141d37ad9a489b8e97066e7b9b6459", size = 4980804, upload-time = "2026-06-12T20:01:42.853Z" },
    { url = "https://files.pythonhosted.org/packages/1f/09/f42b1d190c5ba75f72062a387f8030d1d75f6ab035788f1d9c4b01de6525/cryptography-49.0.0-cp311-abi3-win_amd64.whl", hash = "sha256:e5dfc1e64de5677cec922ffa8da89c546d0415bf6efdf081842e5d44c84e1f0e", size = 3810026, upload-time = "2026-06-12T20:02:39.262Z" },
    { url = "https://files.pythonhosted.org/packages/ec/9e/db72b3ae7fc9cfad53e630e56c6ae83b9b6ff0bf3718ffb8012d20b3aabf/cryptography-49.0.0-cp314-cp314t-macosx_11_0_arm64.whl", hash = "sha256:73a205dce83953d131a4aa1e0fd917a2fd1c5b1eef251e9d7152efefcbf5caf7", size = 4013892, upload-time = "2026-06-12T20:02:10.735Z" },
    { url = "https://files.pythonhosted.org/packages/86/12/c48a424f38db03027be9f7ed5c7dc5de9933dbee992865f98b13727a009d/cryptography-49.0.0-cp314-cp314t-manylinux2014_aarch64.manylinux_2_17_aarch64.whl", hash = "sha256:196ecd6a36e4e9aa10270393bb98d8df88fccee0bf1e5128b91ae4eb4375896d", size = 4678835, upload-time = "2026-06-12T20:02:48.743Z" },
    { url = "https://files.pythonhosted.org/packages/68/28/8a3ad4653662c93fc44dc4e5d8fd374c25c42e07b34bbfbadf49cf57a5a8/cryptography-49.0.0-cp314-cp314t-manylinux2014_x86_64.manylinux_2_17_x86_64.whl", hash = "sha256:7abcee80084cda3f7691f3eb1ce480d8df49cec637b429aa35986c1de71738aa", size = 4697239, upload-time = "2026-06-12T20:02:56.03Z" },
    { url = "https://files.pythonhosted.org/packages/a8/b2/2193fc74f81aee4f9b62733133b73b5176718932ed8f2e4b03fa040480a6/cryptography-49.0.0-cp314-cp314t-manylinux_2_28_aarch64.whl", hash = "sha256:4ae387c9cb68ea569ca17e490d66d8142b81c3cc814bf179974b7d146e490bbb", size = 4685593, upload-time = "2026-06-12T20:02:50.666Z" },
    { url = "https://files.pythonhosted.org/packages/47/f1/1d3eaa243bfc5de4a187b22aa8c048b3e4980bfbe830ac46e6bac2e66947/cryptography-49.0.0-cp314-cp314t-manylinux_2_28_ppc64le.whl", hash = "sha256:f37d847238971164fdbc68ade6f6574aecc9c0af714190e2083429ff68f4ce9d", size = 5289961, upload-time = "2026-06-12T20:01:46.468Z" },
    { url = "https://files.pythonhosted.org/packages/58/39/2d51306721330c486495853eda1c567880ff036de15a14c4b74f399934af/cryptography-49.0.0-cp314-cp314t-manylinux_2_28_x86_64.whl", hash = "sha256:c2bc30226390d60ea19d9f82b19db005fe0452154a23c1c410c12ea801e43561", size = 4731145, upload-time = "2026-06-12T20:02:16.832Z" },
    { url = "https://files.pythonhosted.org/packages/17/50/983e838c7fd0d87fd8c969bcdd328edaf5f756e38df5281637424c155873/cryptography-49.0.0-cp314-cp314t-manylinux_2_31_armv7l.whl", hash = "sha256:07cab27cc7b7e0fd28e5e26bb9eeedde5c135c868b46de4a27845abe94af6122", size = 4321719, upload-time = "2026-06-12T20:02:52.611Z" },
    { url = "https://files.pythonhosted.org/packages/a7/f5/8f571d7e27c55bce9f76f026143bcb1e040a4233149ecca0bea5fa5dd5f7/cryptography-49.0.0-cp314-cp314t-manylinux_2_34_aarch64.whl", hash = "sha256:b20133d204d2bb56ba047642199603876c872026ca53e79c35b83772ab2cc505", size = 4685209, upload-time = "2026-06-12T20:02:07.282Z" },
    { url = "https://files.pythonhosted.org/packages/e7/84/0e27016a6fc5a0886f797018b26aa42f40c09a82332bff77822a451deaaa/cryptography-49.0.0-cp314-cp314t-manylinux_2_34_ppc64le.whl", hash = "sha256:b970c6da94d5bb18629db453d14f2a1300f6bf59b61e9b82377931ef95504866", size = 5246285, upload-time = "2026-06-12T20:01:32.439Z" },
    { url = "https://files.pythonhosted.org/packages/11/2d/5e1fb307cb5931881516b464c98774b3f2c36b5d4bb9a2830253cf553cad/cryptography-49.0.0-cp314-cp314t-manylinux_2_34_x86_64.whl", hash = "sha256:d8ecde755e2e91bf773fc94e8c9d730cd7f2007004cb492263a794ec3899a1c8", size = 4730441, upload-time = "2026-06-12T20:02:01.469Z" },
    { url = "https://files.pythonhosted.org/packages/e4/c0/bff5a02ee731d207d6a1ed51732549d8c53d2bc8da1d10ec6f2844201d68/cryptography-49.0.0-cp314-cp314t-musllinux_1_2_aarch64.whl", hash = "sha256:e3fb64c420688e5319ae25113a354015abbd8dffbfbc41781a1ea66fc7622ac3", size = 4815869, upload-time = "2026-06-12T20:01:36.574Z" },
    { url = "https://files.pythonhosted.org/packages/b9/26/814681d14248d95d73d5c3eea0c39a94eb8302df966f670a2c60de90974b/cryptography-49.0.0-cp314-cp314t-musllinux_1_2_x86_64.whl", hash = "sha256:32703d93296f5c1f4b53349ad3a250c2cae0fdecd3a3dd5d47e616d8d616af27", size = 4960948, upload-time = "2026-06-12T20:02:18.688Z" },
    { url = "https://files.pythonhosted.org/packages/4c/fe/93ecac273d3738939d023612ad12cca9a3740a5345d69fda04134c43fd96/cryptography-49.0.0-cp314-cp314t-win_amd64.whl", hash = "sha256:33cd0565932807baddb67b96dbee92f2c374b5c89dee09fd74079aeb8c8dba61", size = 3799153, upload-time = "2026-06-12T20:01:39.059Z" },
    { url = "https://files.pythonhosted.org/packages/19/2a/5bb823f5bedcf80718cea7fbc95ec5515cca3769633c4b01a32be7f30e7c/cryptography-49.0.0-cp39-abi3-macosx_11_0_arm64.whl", hash = "sha256:ec5e529fb80935c94fe7b729f9972b50e351a0e6b50aa294fd5cabb109fcc29a", size = 4025947, upload-time = "2026-06-12T20:01:25.745Z" },
    { url = "https://files.pythonhosted.org/packages/3d/df/40577043ca124e17012f408ddddaeb213b856336ac82ddb3bc915f39e29f/cryptography-49.0.0-cp39-abi3-manylinux2014_aarch64.manylinux_2_17_aarch64.whl", hash = "sha256:f78ff2c9ed8dc2d036b0f4d640e22522213d047c1b14e61205a7e55c80a494d4", size = 4692429, upload-time = "2026-06-12T20:01:53.628Z" },
    { url = "https://files.pythonhosted.org/packages/2c/99/2d13299eb3dd27b02dcfaafcc91d6b5cb3329f7cbd6d8f51921acd566c1a/cryptography-49.0.0-cp39-abi3-manylinux2014_x86_64.manylinux_2_17_x86_64.whl", hash = "sha256:35b151772baff2c74cba7fa290ceaff4c3b11c0c881eb93eb5dbc05a7cfbba18", size = 4700968, upload-time = "2026-06-12T20:02:45.383Z" },
    { url = "https://files.pythonhosted.org/packages/a5/4d/9c0cd02f95e2602dd5e563da149ee0830abef3537be8b34dc56281ebe27a/cryptography-49.0.0-cp39-abi3-manylinux_2_28_aarch64.whl", hash = "sha256:0f21641cf4b30fca7aee061ced0ec7ad7b073518088b7c9969a297c0ae796c69", size = 4697758, upload-time = "2026-06-12T20:01:41.13Z" },
    { url = "https://files.pythonhosted.org/packages/24/01/186c825898477d77e2324d5360fefe622ff1d8d1963ec0554e2cada8ec77/cryptography-49.0.0-cp39-abi3-manylinux_2_28_ppc64le.whl", hash = "sha256:9e82dcc8e56052715fb18b2429e3bca4823b1629136a2084fc45a9a5cecb9b64", size = 5298863, upload-time = "2026-06-12T20:02:24.579Z" },
    { url = "https://files.pythonhosted.org/packages/b8/7b/62cbbab75d0659865bf0273790031544a0b16c8072d258f9428dcd8190dc/cryptography-49.0.0-cp39-abi3-manylinux_2_28_x86_64.whl", hash = "sha256:6f2debedf9ca60cf1d5bd466475638af5130f89965605cd818484d19987d3a21", size = 4735983, upload-time = "2026-06-12T20:01:50.14Z" },
    { url = "https://files.pythonhosted.org/packages/6c/72/3e798c064bc39e471008075d0f9bc9daf77a80879c092e4a8e170c585ed4/cryptography-49.0.0-cp39-abi3-manylinux_2_31_armv7l.whl", hash = "sha256:8c25ceb16df5b9435f3f6a9829204985b0e0cbee3b48aacd432c7d2c850b44d9", size = 4334173, upload-time = "2026-06-12T20:01:44.743Z" },
    { url = "https://files.pythonhosted.org/packages/f0/ee/6fca21d1ac73e06f8bef71940abfd4d2f6472b4bca284d770f32bd4086f6/cryptography-49.0.0-cp39-abi3-manylinux_2_34_aarch64.whl", hash = "sha256:28d8b15e6275f12c8a207dc309dfa957903c927d08d0cc937ee3f63f200693cc", size = 4697298, upload-time = "2026-06-12T20:02:20.918Z" },
    { url = "https://files.pythonhosted.org/packages/67/d0/a5fcd3515f0bae49a7b6d0413cc1bdccdcc1fc0047037a0d480642cdc5d6/cryptography-49.0.0-cp39-abi3-manylinux_2_34_ppc64le.whl", hash = "sha256:6fc361c34fb6aac015ce19435876635e5c6d21db31998b0920f675f131e043b8", size = 5254338, upload-time = "2026-06-12T20:02:22.737Z" },
    { url = "https://files.pythonhosted.org/packages/a0/84/84fe36f19caf857d61cb7fc9c63035a47ffabd84ea12d1d393148efa3615/cryptography-49.0.0-cp39-abi3-manylinux_2_34_x86_64.whl", hash = "sha256:2400ef9c9e2299a25614eb1dea3db54a69b1349efd043bfac9c67630d136df36", size = 4735650, upload-time = "2026-06-12T20:02:41.389Z" },
    { url = "https://files.pythonhosted.org/packages/6c/a0/db537264e234f7273a73ec020873d6d6b39dfd8a53db78b550ca8320440e/cryptography-49.0.0-cp39-abi3-musllinux_1_2_aarch64.whl", hash = "sha256:67e1d20ad9ef3a563c59ef22e7a8a0b8210bd26604369ea4a30a7c66aefe504e", size = 4834820, upload-time = "2026-06-12T20:01:51.847Z" },
    { url = "https://files.pythonhosted.org/packages/93/77/8df9eb486495979bccecd1062e2eaf435250e84437040295b57d09048b0b/cryptography-49.0.0-cp39-abi3-musllinux_1_2_x86_64.whl", hash = "sha256:42b0684e0e40cf26122427802486f6d93aea593612603a94fbf260c7eb1e9c1b", size = 4967968, upload-time = "2026-06-12T20:02:12.524Z" },
    { url = "https://files.pythonhosted.org/packages/c2/e6/f60198ea8d9dfa15fff9ed4ca02ce362f6eadd9ba757dcc50634c4257b63/cryptography-49.0.0-cp39-abi3-win_amd64.whl", hash = "sha256:026ac7423e6fa66872d3bf889be5974507da3944f866f704fa200eadacd00001", size = 3785547, upload-time = "2026-06-12T20:02:26.847Z" },
]

[[package]]
name = "iniconfig"
version = "2.3.0"
source = { registry = "https://pypi.org/simple" }
sdist = { url = "https://files.pythonhosted.org/packages/72/34/14ca021ce8e5dfedc35312d08ba8bf51fdd999c576889fc2c24cb97f4f10/iniconfig-2.3.0.tar.gz", hash = "sha256:c76315c77db068650d49c5b56314774a7804df16fee4402c1f19d6d15d8c4730", size = 20503, upload-time = "2025-10-18T21:55:43.219Z" }
wheels = [
    { url = "https://files.pythonhosted.org/packages/cb/b1/3846dd7f199d53cb17f49cba7e651e9ce294d8497c8c150530ed11865bb8/iniconfig-2.3.0-py3-none-any.whl", hash = "sha256:f631c04d2c48c52b84d0d0549c99ff3859c98df65b3101406327ecc7d53fbf12", size = 7484, upload-time = "2025-10-18T21:55:41.639Z" },
]

[[package]]
name = "packaging"
version = "26.3"
source = { registry = "https://pypi.org/simple" }
sdist = { url = "https://files.pythonhosted.org/packages/7d/fa/3944b40b07da9ce895c0e6303a5ab7d53da063554f534556b134a54d6093/packaging-26.3.tar.gz", hash = "sha256:94edc256424af38762eb31306eed28beb9f0efc50a8837492c9d6fd6004aed79", size = 313412, upload-time = "2026-08-04T18:15:28.737Z" }
wheels = [
    { url = "https://files.pythonhosted.org/packages/63/34/ba1c580383c9eada3711951fef0795c80b829a078d72188184bcab9dd527/packaging-26.3-py3-none-any.whl", hash = "sha256:d7193f7c8e4e93f444fde0262bf90af30e16fa0ad0ad44cb553c87339b23cd1c", size = 129956, upload-time = "2026-08-04T18:15:27.159Z" },
]

[[package]]
name = "pluggy"
version = "1.6.0"
source = { registry = "https://pypi.org/simple" }
sdist = { url = "https://files.pythonhosted.org/packages/f9/e2/3e91f31a7d2b083fe6ef3fa267035b518369d9511ffab804f839851d2779/pluggy-1.6.0.tar.gz", hash = "sha256:7dcc130b76258d33b90f61b658791dede3486c3e6bfb003ee5c9bfb396dd22f3", size = 69412, upload-time = "2025-05-15T12:30:07.975Z" }
wheels = [
    { url = "https://files.pythonhosted.org/packages/54/20/4d324d65cc6d9205fabedc306948156824eb9f0ee1633355a8f7ec5c66bf/pluggy-1.6.0-py3-none-any.whl", hash = "sha256:e920276dd6813095e9377c0bc5566d94c932c33b27a3e3945d8389c374dd4746", size = 20538, upload-time = "2025-05-15T12:30:06.134Z" },
]

[[package]]
name = "pycparser"
version = "3.0"
source = { registry = "https://pypi.org/simple" }
sdist = { url = "https://files.pythonhosted.org/packages/1b/7d/92392ff7815c21062bea51aa7b87d45576f649f16458d78b7cf94b9ab2e6/pycparser-3.0.tar.gz", hash = "sha256:600f49d217304a5902ac3c37e1281c9fe94e4d0489de643a9504c5cdfdfc6b29", size = 103492, upload-time = "2026-01-21T14:26:51.89Z" }
wheels = [
    { url = "https://files.pythonhosted.org/packages/0c/c3/44f3fbbfa403ea2a7c779186dc20772604442dde72947e7d01069cbe98e3/pycparser-3.0-py3-none-any.whl", hash = "sha256:b727414169a36b7d524c1c3e31839a521725078d7b2ff038656844266160a992", size = 48172, upload-time = "2026-01-21T14:26:50.693Z" },
]

[[package]]
name = "pygments"
version = "2.20.0"
source = { registry = "https://pypi.org/simple" }
sdist = { url = "https://files.pythonhosted.org/packages/c3/b2/bc9c9196916376152d655522fdcebac55e66de6603a76a02bca1b6414f6c/pygments-2.20.0.tar.gz", hash = "sha256:6757cd03768053ff99f3039c1a36d6c0aa0b263438fcab17520b30a303a82b5f", size = 4955991, upload-time = "2026-03-29T13:29:33.898Z" }
wheels = [
    { url = "https://files.pythonhosted.org/packages/f4/7e/a72dd26f3b0f4f2bf1dd8923c85f7ceb43172af56d63c7383eb62b332364/pygments-2.20.0-py3-none-any.whl", hash = "sha256:81a9e26dd42fd28a23a2d169d86d7ac03b46e2f8b59ed4698fb4785f946d0176", size = 1231151, upload-time = "2026-03-29T13:29:30.038Z" },
]

[[package]]
name = "pytest"
version = "9.0.1"
source = { registry = "https://pypi.org/simple" }
dependencies = [
    { name = "colorama", marker = "sys_platform == 'win32'" },
    { name = "iniconfig" },
    { name = "packaging" },
    { name = "pluggy" },
    { name = "pygments" },
]
sdist = { url = "https://files.pythonhosted.org/packages/07/56/f013048ac4bc4c1d9be45afd4ab209ea62822fb1598f40687e6bf45dcea4/pytest-9.0.1.tar.gz", hash = "sha256:3e9c069ea73583e255c3b21cf46b8d3c56f6e3a1a8f6da94ccb0fcf57b9d73c8", size = 1564125, upload-time = "2025-11-12T13:05:09.333Z" }
wheels = [
    { url = "https://files.pythonhosted.org/packages/0b/8b/6300fb80f858cda1c51ffa17075df5d846757081d11ab4aa35cef9e6258b/pytest-9.0.1-py3-none-any.whl", hash = "sha256:67be0030d194df2dfa7b556f2e56fb3c3315bd5c8822c6951162b92b32ce7dad", size = 373668, upload-time = "2025-11-12T13:05:07.379Z" },
]

[[package]]
name = "reproit-sdk"
version = "1.0.0"
source = { editable = "." }
dependencies = [
    { name = "cryptography" },
]

[package.dev-dependencies]
dev = [
    { name = "pytest" },
]

[package.metadata]
requires-dist = [{ name = "cryptography", specifier = "==49.0.0" }]

[package.metadata.requires-dev]
dev = [{ name = "pytest", specifier = "==9.0.1" }]
